// !$*UTF8*$!
{
	archiveVersion = 1;
	classes = {
	};
	objectVersion = 46;
	objects = {

/* Begin PBXBuildFile section */
		617B36902D85D019669047C0 /* Pods_LiveStream.framework in Frameworks */ = {isa = PBXBuildFile; fileRef = 94B73EDD9FC1A9D12452B3A0 /* Pods_LiveStream.framework */; };
		92BF3D4B7350956DC1A51C7D /* Pods_LiveStreamTests.framework in Frameworks */ = {isa = PBXBuildFile; fileRef = CBFB0F75CF7140A35C4331C2 /* Pods_LiveStreamTests.framework */; };
		E7345F901EEC717800DD2F6C /* Localizable.strings in Resources */ = {isa = PBXBuildFile; fileRef = E7345F921EEC717800DD2F6C /* Localizable.strings */; };
		E7345F961EEC731C00DD2F6C /* ViewController.swift in Sources */ = {isa = PBXBuildFile; fileRef = E7345F951EEC731C00DD2F6C /* ViewController.swift */; };
		E7345F981EEC732C00DD2F6C /* Constants.swift in Sources */ = {isa = PBXBuildFile; fileRef = E7345F971EEC732C00DD2F6C /* Constants.swift */; };
		E7345F9A1EEC75B400DD2F6C /* DebugLog.swift in Sources */ = {isa = PBXBuildFile; fileRef = E7345F991EEC75B400DD2F6C /* DebugLog.swift */; };
		E7345F9C1EEC765700DD2F6C /* URLSession.swift in Sources */ = {isa = PBXBuildFile; fileRef = E7345F9B1EEC765700DD2F6C /* URLSession.swift */; };
		E7A880D71EEC220300EA5C3A /* AppDelegate.swift in Sources */ = {isa = PBXBuildFile; fileRef = E7A880D61EEC220300EA5C3A /* AppDelegate.swift */; };
		E7A880DC1EEC220300EA5C3A /* Main.storyboard in Resources */ = {isa = PBXBuildFile; fileRef = E7A880DA1EEC220300EA5C3A /* Main.storyboard */; };
		E7A880DE1EEC220300EA5C3A /* Assets.xcassets in Resources */ = {isa = PBXBuildFile; fileRef = E7A880DD1EEC220300EA5C3A /* Assets.xcassets */; };
		E7A880E11EEC220300EA5C3A /* LaunchScreen.storyboard in Resources */ = {isa = PBXBuildFile; fileRef = E7A880DF1EEC220300EA5C3A /* LaunchScreen.storyboard */; };
		E7A880EC1EEC220300EA5C3A /* LiveStreamTests.swift in Sources */ = {isa = PBXBuildFile; fileRef = E7A880EB1EEC220300EA5C3A /* LiveStreamTests.swift */; };
/* End PBXBuildFile section */

/* Begin PBXContainerItemProxy section */
		E7A880E81EEC220300EA5C3A /* PBXContainerItemProxy */ = {
			isa = PBXContainerItemProxy;
			containerPortal = E7A880CB1EEC220300EA5C3A /* Project object */;
			proxyType = 1;
			remoteGlobalIDString = E7A880D21EEC220300EA5C3A;
			remoteInfo = LiveStream;
		};
/* End PBXContainerItemProxy section */

/* Begin PBXFileReference section */
		18B3260C3F8272FEFD36BF31 /* Pods-LiveStreamTests.release.xcconfig */ = {isa = PBXFileReference; includeInIndex = 1; lastKnownFileType = text.xcconfig; name = "Pods-LiveStreamTests.release.xcconfig"; path = "Pods/Target Support Files/Pods-LiveStreamTests/Pods-LiveStreamTests.release.xcconfig"; sourceTree = "<group>"; };
		8F6A993F9F876BB61B2CAF51 /* Pods-LiveStream.debug.xcconfig */ = {isa = PBXFileReference; includeInIndex = 1; lastKnownFileType = text.xcconfig; name = "Pods-LiveStream.debug.xcconfig"; path = "Pods/Target Support Files/Pods-LiveStream/Pods-LiveStream.debug.xcconfig"; sourceTree = "<group>"; };
		94B73EDD9FC1A9D12452B3A0 /* Pods_LiveStream.framework */ = {isa = PBXFileReference; explicitFileType = wrapper.framework; includeInIndex = 0; path = Pods_LiveStream.framework; sourceTree = BUILT_PRODUCTS_DIR; };
		ACFB50551C3A6B8B5E70ED84 /* Pods-LiveStreamTests.debug.xcconfig */ = {isa = PBXFileReference; includeInIndex = 1; lastKnownFileType = text.xcconfig; name = "Pods-LiveStreamTests.debug.xcconfig"; path = "Pods/Target Support Files/Pods-LiveStreamTests/Pods-LiveStreamTests.debug.xcconfig"; sourceTree = "<group>"; };
		CBFB0F75CF7140A35C4331C2 /* Pods_LiveStreamTests.framework */ = {isa = PBXFileReference; explicitFileType = wrapper.framework; includeInIndex = 0; path = Pods_LiveStreamTests.framework; sourceTree = BUILT_PRODUCTS_DIR; };
		E14583DE96B8E7EFFA4E6690 /* Pods-LiveStream.release.xcconfig */ = {isa = PBXFileReference; includeInIndex = 1; lastKnownFileType = text.xcconfig; name = "Pods-LiveStream.release.xcconfig"; path = "Pods/Target Support Files/Pods-LiveStream/Pods-LiveStream.release.xcconfig"; sourceTree = "<group>"; };
		E7345F911EEC717800DD2F6C /* Base */ = {isa = PBXFileReference; lastKnownFileType = text.plist.strings; name = Base; path = Base.lproj/Localizable.strings; sourceTree = "<group>"; };
		E7345F951EEC731C00DD2F6C /* ViewController.swift */ = {isa = PBXFileReference; fileEncoding = 4; lastKnownFileType = sourcecode.swift; path = ViewController.swift; sourceTree = "<group>"; };
		E7345F971EEC732C00DD2F6C /* Constants.swift */ = {isa = PBXFileReference; fileEncoding = 4; lastKnownFileType = sourcecode.swift; path = Constants.swift; sourceTree = "<group>"; };
		E7345F991EEC75B400DD2F6C /* DebugLog.swift */ = {isa = PBXFileReference; fileEncoding = 4; lastKnownFileType = sourcecode.swift; path = DebugLog.swift; sourceTree = "<group>"; };
		E7345F9B1EEC765700DD2F6C /* URLSession.swift */ = {isa = PBXFileReference; fileEncoding = 4; lastKnownFileType = sourcecode.swift; path = URLSession.swift; sourceTree = "<group>"; };
		E7A880D31EEC220300EA5C3A /* LiveStream.app */ = {isa = PBXFileReference; explicitFileType = wrapper.application; includeInIndex = 0; path = LiveStream.app; sourceTree = BUILT_PRODUCTS_DIR; };
		E7A880D61EEC220300EA5C3A /* AppDelegate.swift */ = {isa = PBXFileReference; lastKnownFileType = sourcecode.swift; path = AppDelegate.swift; sourceTree = "<group>"; };
		E7A880DB1EEC220300EA5C3A /* Base */ = {isa = PBXFileReference; lastKnownFileType = file.storyboard; name = Base; path = Base.lproj/Main.storyboard; sourceTree = "<group>"; };
		E7A880DD1EEC220300EA5C3A /* Assets.xcassets */ = {isa = PBXFileReference; lastKnownFileType = folder.assetcatalog; path = Assets.xcassets; sourceTree = "<group>"; };
		E7A880E01EEC220300EA5C3A /* Base */ = {isa = PBXFileReference; lastKnownFileType = file.storyboard; name = Base; path = Base.lproj/LaunchScreen.storyboard; sourceTree = "<group>"; };
		E7A880E21EEC220300EA5C3A /* Info.plist */ = {isa = PBXFileReference; lastKnownFileType = text.plist.xml; path = Info.plist; sourceTree = "<group>"; };
		E7A880E71EEC220300EA5C3A /* LiveStreamTests.xctest */ = {isa = PBXFileReference; explicitFileType = wrapper.cfbundle; includeInIndex = 0; path = LiveStreamTests.xctest; sourceTree = BUILT_PRODUCTS_DIR; };
		E7A880EB1EEC220300EA5C3A /* LiveStreamTests.swift */ = {isa = PBXFileReference; lastKnownFileType = sourcecode.swift; path = LiveStreamTests.swift; sourceTree = "<group>"; };
		E7A880ED1EEC220300EA5C3A /* Info.plist */ = {isa = PBXFileReference; lastKnownFileType = text.plist.xml; path = Info.plist; sourceTree = "<group>"; };
/* End PBXFileReference section */

/* Begin PBXFrameworksBuildPhase section */
		E7A880D01EEC220300EA5C3A /* Frameworks */ = {
			isa = PBXFrameworksBuildPhase;
			buildActionMask = 2147483647;
			files = (
				617B36902D85D019669047C0 /* Pods_LiveStream.framework in Frameworks */,
			);
			runOnlyForDeploymentPostprocessing = 0;
		};
		E7A880E41EEC220300EA5C3A /* Frameworks */ = {
			isa = PBXFrameworksBuildPhase;
			buildActionMask = 2147483647;
			files = (
				92BF3D4B7350956DC1A51C7D /* Pods_LiveStreamTests.framework in Frameworks */,
			);
			runOnlyForDeploymentPostprocessing = 0;
		};
/* End PBXFrameworksBuildPhase section */

/* Begin PBXGroup section */
		66EC009551B956C34820C8D9 /* Frameworks */ = {
			isa = PBXGroup;
			children = (
				94B73EDD9FC1A9D12452B3A0 /* Pods_LiveStream.framework */,
				CBFB0F75CF7140A35C4331C2 /* Pods_LiveStreamTests.framework */,
			);
			name = Frameworks;
			sourceTree = "<group>";
		};
		B04F5D219E39DA62081B921F /* Pods */ = {
			isa = PBXGroup;
			children = (
				8F6A993F9F876BB61B2CAF51 /* Pods-LiveStream.debug.xcconfig */,
				E14583DE96B8E7EFFA4E6690 /* Pods-LiveStream.release.xcconfig */,
				ACFB50551C3A6B8B5E70ED84 /* Pods-LiveStreamTests.debug.xcconfig */,
				18B3260C3F8272FEFD36BF31 /* Pods-LiveStreamTests.release.xcconfig */,
			);
			name = Pods;
			sourceTree = "<group>";
		};
		E7345F931EEC731C00DD2F6C /* Utils */ = {
			isa = PBXGroup;
			children = (
				E7345F971EEC732C00DD2F6C /* Constants.swift */,
				E7345F991EEC75B400DD2F6C /* DebugLog.swift */,
				E7345F9B1EEC765700DD2F6C /* URLSession.swift */,
			);
			path = Utils;
			sourceTree = "<group>";
		};
		E7345F941EEC731C00DD2F6C /* ViewControllers */ = {
			isa = PBXGroup;
			children = (
				E7345F951EEC731C00DD2F6C /* ViewController.swift */,
			);
			path = ViewControllers;
			sourceTree = "<group>";
		};
		E7A880CA1EEC220300EA5C3A = {
			isa = PBXGroup;
			children = (
				E7A880D51EEC220300EA5C3A /* LiveStream */,
				E7A880EA1EEC220300EA5C3A /* LiveStreamTests */,
				E7A880D41EEC220300EA5C3A /* Products */,
				B04F5D219E39DA62081B921F /* Pods */,
				66EC009551B956C34820C8D9 /* Frameworks */,
			);
			sourceTree = "<group>";
		};
		E7A880D41EEC220300EA5C3A /* Products */ = {
			isa = PBXGroup;
			children = (
				E7A880D31EEC220300EA5C3A /* LiveStream.app */,
				E7A880E71EEC220300EA5C3A /* LiveStreamTests.xctest */,
			);
			name = Products;
			sourceTree = "<group>";
		};
		E7A880D51EEC220300EA5C3A /* LiveStream */ = {
			isa = PBXGroup;
			children = (
				E7345F931EEC731C00DD2F6C /* Utils */,
				E7345F941EEC731C00DD2F6C /* ViewControllers */,
				E7A880D61EEC220300EA5C3A /* AppDelegate.swift */,
				E7A880DA1EEC220300EA5C3A /* Main.storyboard */,
				E7A880DD1EEC220300EA5C3A /* Assets.xcassets */,
				E7A880DF1EEC220300EA5C3A /* LaunchScreen.storyboard */,
				E7A880E21EEC220300EA5C3A /* Info.plist */,
				E7345F921EEC717800DD2F6C /* Localizable.strings */,
			);
			path = LiveStream;
			sourceTree = "<group>";
		};
		E7A880EA1EEC220300EA5C3A /* LiveStreamTests */ = {
			isa = PBXGroup;
			children = (
				E7A880EB1EEC220300EA5C3A /* LiveStreamTests.swift */,
				E7A880ED1EEC220300EA5C3A /* Info.plist */,
			);
			path = LiveStreamTests;
			sourceTree = "<group>";
		};
/* End PBXGroup section */

/* Begin PBXNativeTarget section */
		E7A880D21EEC220300EA5C3A /* LiveStream */ = {
			isa = PBXNativeTarget;
			buildConfigurationList = E7A880F01EEC220300EA5C3A /* Build configuration list for PBXNativeTarget "LiveStream" */;
			buildPhases = (
				B66AFAE770F6D7CD70E763ED /* [CP] Check Pods Manifest.lock */,
				E7A880CF1EEC220300EA5C3A /* Sources */,
				E7A880D01EEC220300EA5C3A /* Frameworks */,
				E7A880D11EEC220300EA5C3A /* Resources */,
				E7345F8D1EEC6DBF00DD2F6C /* Swiftlint */,
				FDD69910F689805D4C143546 /* [CP] Embed Pods Frameworks */,
				661C9F352BAE0AFBE99F56B3 /* [CP] Copy Pods Resources */,
				E757AD9F1EEC7DC500716AB1 /* Fabric */,
			);
			buildRules = (
			);
			dependencies = (
			);
			name = LiveStream;
			productName = LiveStream;
			productReference = E7A880D31EEC220300EA5C3A /* LiveStream.app */;
			productType = "com.apple.product-type.application";
		};
		E7A880E61EEC220300EA5C3A /* LiveStreamTests */ = {
			isa = PBXNativeTarget;
			buildConfigurationList = E7A880F31EEC220300EA5C3A /* Build configuration list for PBXNativeTarget "LiveStreamTests" */;
			buildPhases = (
				68F219658768C21B39109D30 /* [CP] Check Pods Manifest.lock */,
				E7A880E31EEC220300EA5C3A /* Sources */,
				E7A880E41EEC220300EA5C3A /* Frameworks */,
				E7A880E51EEC220300EA5C3A /* Resources */,
				3DD635C5B9FBEBF496307F9F /* [CP] Embed Pods Frameworks */,
				367B20E7CA3D2F3832EA6066 /* [CP] Copy Pods Resources */,
			);
			buildRules = (
			);
			dependencies = (
				E7A880E91EEC220300EA5C3A /* PBXTargetDependency */,
			);
			name = LiveStreamTests;
			productName = LiveStreamTests;
			productReference = E7A880E71EEC220300EA5C3A /* LiveStreamTests.xctest */;
			productType = "com.apple.product-type.bundle.unit-test";
		};
/* End PBXNativeTarget section */

/* Begin PBXProject section */
		E7A880CB1EEC220300EA5C3A /* Project object */ = {
			isa = PBXProject;
			attributes = {
				LastSwiftUpdateCheck = 0830;
				LastUpgradeCheck = 0830;
				TargetAttributes = {
					E7A880D21EEC220300EA5C3A = {
						CreatedOnToolsVersion = 8.3.3;
						DevelopmentTeam = C2FGA33346;
						ProvisioningStyle = Automatic;
						SystemCapabilities = {
							com.apple.BackgroundModes = {
								enabled = 1;
							};
						};
					};
					E7A880E61EEC220300EA5C3A = {
						CreatedOnToolsVersion = 8.3.3;
						ProvisioningStyle = Automatic;
						TestTargetID = E7A880D21EEC220300EA5C3A;
					};
				};
			};
			buildConfigurationList = E7A880CE1EEC220300EA5C3A /* Build configuration list for PBXProject "LiveStream" */;
			compatibilityVersion = "Xcode 3.2";
			developmentRegion = English;
			hasScannedForEncodings = 0;
			knownRegions = (
				en,
				Base,
			);
			mainGroup = E7A880CA1EEC220300EA5C3A;
			productRefGroup = E7A880D41EEC220300EA5C3A /* Products */;
			projectDirPath = "";
			projectRoot = "";
			targets = (
				E7A880D21EEC220300EA5C3A /* LiveStream */,
				E7A880E61EEC220300EA5C3A /* LiveStreamTests */,
			);
		};
/* End PBXProject section */

/* Begin PBXResourcesBuildPhase section */
		E7A880D11EEC220300EA5C3A /* Resources */ = {
			isa = PBXResourcesBuildPhase;
			buildActionMask = 2147483647;
			files = (
				E7345F901EEC717800DD2F6C /* Localizable.strings in Resources */,
				E7A880E11EEC220300EA5C3A /* LaunchScreen.storyboard in Resources */,
				E7A880DE1EEC220300EA5C3A /* Assets.xcassets in Resources */,
				E7A880DC1EEC220300EA5C3A /* Main.storyboard in Resources */,
			);
			runOnlyForDeploymentPostprocessing = 0;
		};
		E7A880E51EEC220300EA5C3A /* Resources */ = {
			isa = PBXResourcesBuildPhase;
			buildActionMask = 2147483647;
			files = (
			);
			runOnlyForDeploymentPostprocessing = 0;
		};
/* End PBXResourcesBuildPhase section */

/* Begin PBXShellScriptBuildPhase section */
		367B20E7CA3D2F3832EA6066 /* [CP] Copy Pods Resources */ = {
			isa = PBXShellScriptBuildPhase;
			buildActionMask = 2147483647;
			files = (
			);
			inputPaths = (
			);
			name = "[CP] Copy Pods Resources";
			outputPaths = (
			);
			runOnlyForDeploymentPostprocessing = 0;
			shellPath = /bin/sh;
			shellScript = "\"${SRCROOT}/Pods/Target Support Files/Pods-LiveStreamTests/Pods-LiveStreamTests-resources.sh\"\n";
			showEnvVarsInLog = 0;
		};
		3DD635C5B9FBEBF496307F9F /* [CP] Embed Pods Frameworks */ = {
			isa = PBXShellScriptBuildPhase;
			buildActionMask = 2147483647;
			files = (
			);
			inputPaths = (
			);
			name = "[CP] Embed Pods Frameworks";
			outputPaths = (
			);
			runOnlyForDeploymentPostprocessing = 0;
			shellPath = /bin/sh;
			shellScript = "\"${SRCROOT}/Pods/Target Support Files/Pods-LiveStreamTests/Pods-LiveStreamTests-frameworks.sh\"\n";
			showEnvVarsInLog = 0;
		};
		661C9F352BAE0AFBE99F56B3 /* [CP] Copy Pods Resources */ = {
			isa = PBXShellScriptBuildPhase;
			buildActionMask = 2147483647;
			files = (
			);
			inputPaths = (
			);
			name = "[CP] Copy Pods Resources";
			outputPaths = (
			);
			runOnlyForDeploymentPostprocessing = 0;
			shellPath = /bin/sh;
			shellScript = "\"${SRCROOT}/Pods/Target Support Files/Pods-LiveStream/Pods-LiveStream-resources.sh\"\n";
			showEnvVarsInLog = 0;
		};
		68F219658768C21B39109D30 /* [CP] Check Pods Manifest.lock */ = {
			isa = PBXShellScriptBuildPhase;
			buildActionMask = 2147483647;
			files = (
			);
			inputPaths = (
			);
			name = "[CP] Check Pods Manifest.lock";
			outputPaths = (
			);
			runOnlyForDeploymentPostprocessing = 0;
			shellPath = /bin/sh;
			shellScript = "diff \"${PODS_PODFILE_DIR_PATH}/Podfile.lock\" \"${PODS_ROOT}/Manifest.lock\" > /dev/null\nif [ $? != 0 ] ; then\n    # print error to STDERR\n    echo \"error: The sandbox is not in sync with the Podfile.lock. Run 'pod install' or update your CocoaPods installation.\" >&2\n    exit 1\nfi\n";
			showEnvVarsInLog = 0;
		};
		B66AFAE770F6D7CD70E763ED /* [CP] Check Pods Manifest.lock */ = {
			isa = PBXShellScriptBuildPhase;
			buildActionMask = 2147483647;
			files = (
			);
			inputPaths = (
			);
			name = "[CP] Check Pods Manifest.lock";
			outputPaths = (
			);
			runOnlyForDeploymentPostprocessing = 0;
			shellPath = /bin/sh;
			shellScript = "diff \"${PODS_PODFILE_DIR_PATH}/Podfile.lock\" \"${PODS_ROOT}/Manifest.lock\" > /dev/null\nif [ $? != 0 ] ; then\n    # print error to STDERR\n    echo \"error: The sandbox is not in sync with the Podfile.lock. Run 'pod install' or update your CocoaPods installation.\" >&2\n    exit 1\nfi\n";
			showEnvVarsInLog = 0;
		};
		E7345F8D1EEC6DBF00DD2F6C /* Swiftlint */ = {
			isa = PBXShellScriptBuildPhase;
			buildActionMask = 2147483647;
			files = (
			);
			inputPaths = (
			);
			name = Swiftlint;
			outputPaths = (
			);
			runOnlyForDeploymentPostprocessing = 0;
			shellPath = /bin/sh;
			shellScript = "if which swiftlint >/dev/null; then\nswiftlint\nelse\necho \"warning: SwiftLint not installed, download from https://github.com/realm/SwiftLint\"\nfi";
		};
		E757AD9F1EEC7DC500716AB1 /* Fabric */ = {
			isa = PBXShellScriptBuildPhase;
			buildActionMask = 2147483647;
			files = (
			);
			inputPaths = (
			);
			name = Fabric;
			outputPaths = (
			);
			runOnlyForDeploymentPostprocessing = 0;
			shellPath = /bin/sh;
			shellScript = "\"${PODS_ROOT}/Fabric/run\" d194f06d7597e2dc1bd91bdcc494d1c9a30029cb 55945b136a2d1c879274564cd824b285b04d8648e2bdc83bab1e479473366b77";
		};
		FDD69910F689805D4C143546 /* [CP] Embed Pods Frameworks */ = {
			isa = PBXShellScriptBuildPhase;
			buildActionMask = 2147483647;
			files = (
			);
			inputPaths = (
			);
			name = "[CP] Embed Pods Frameworks";
			outputPaths = (
			);
			runOnlyForDeploymentPostprocessing = 0;
			shellPath = /bin/sh;
			shellScript = "\"${SRCROOT}/Pods/Target Support Files/Pods-LiveStream/Pods-LiveStream-frameworks.sh\"\n";
			showEnvVarsInLog = 0;
		};
/* End PBXShellScriptBuildPhase section */

/* Begin PBXSourcesBuildPhase section */
		E7A880CF1EEC220300EA5C3A /* Sources */ = {
			isa = PBXSourcesBuildPhase;
			buildActionMask = 2147483647;
			files = (
				E7345F961EEC731C00DD2F6C /* ViewController.swift in Sources */,
				E7A880D71EEC220300EA5C3A /* AppDelegate.swift in Sources */,
				E7345F9C1EEC765700DD2F6C /* URLSession.swift in Sources */,
				E7345F9A1EEC75B400DD2F6C /* DebugLog.swift in Sources */,
				E7345F981EEC732C00DD2F6C /* Constants.swift in Sources */,
			);
			runOnlyForDeploymentPostprocessing = 0;
		};
		E7A880E31EEC220300EA5C3A /* Sources */ = {
			isa = PBXSourcesBuildPhase;
			buildActionMask = 2147483647;
			files = (
				E7A880EC1EEC220300EA5C3A /* LiveStreamTests.swift in Sources */,
			);
			runOnlyForDeploymentPostprocessing = 0;
		};
/* End PBXSourcesBuildPhase section */

/* Begin PBXTargetDependency section */
		E7A880E91EEC220300EA5C3A /* PBXTargetDependency */ = {
			isa = PBXTargetDependency;
			target = E7A880D21EEC220300EA5C3A /* LiveStream */;
			targetProxy = E7A880E81EEC220300EA5C3A /* PBXContainerItemProxy */;
		};
/* End PBXTargetDependency section */

/* Begin PBXVariantGroup section */
		E7345F921EEC717800DD2F6C /* Localizable.strings */ = {
			isa = PBXVariantGroup;
			children = (
				E7345F911EEC717800DD2F6C /* Base */,
			);
			name = Localizable.strings;
			sourceTree = "<group>";
		};
		E7A880DA1EEC220300EA5C3A /* Main.storyboard */ = {
			isa = PBXVariantGroup;
			children = (
				E7A880DB1EEC220300EA5C3A /* Base */,
			);
			name = Main.storyboard;
			sourceTree = "<group>";
		};
		E7A880DF1EEC220300EA5C3A /* LaunchScreen.storyboard */ = {
			isa = PBXVariantGroup;
			children = (
				E7A880E01EEC220300EA5C3A /* Base */,
			);
			name = LaunchScreen.storyboard;
			sourceTree = "<group>";
		};
/* End PBXVariantGroup section */

/* Begin XCBuildConfiguration section */
		E7A880EE1EEC220300EA5C3A /* Debug */ = {
			isa = XCBuildConfiguration;
			buildSettings = {
				ALWAYS_SEARCH_USER_PATHS = NO;
				CLANG_ANALYZER_NONNULL = YES;
				CLANG_ANALYZER_NUMBER_OBJECT_CONVERSION = YES_AGGRESSIVE;
				CLANG_CXX_LANGUAGE_STANDARD = "gnu++0x";
				CLANG_CXX_LIBRARY = "libc++";
				CLANG_ENABLE_MODULES = YES;
				CLANG_ENABLE_OBJC_ARC = YES;
				CLANG_WARN_BOOL_CONVERSION = YES;
				CLANG_WARN_CONSTANT_CONVERSION = YES;
				CLANG_WARN_DIRECT_OBJC_ISA_USAGE = YES_ERROR;
				CLANG_WARN_DOCUMENTATION_COMMENTS = YES;
				CLANG_WARN_EMPTY_BODY = YES;
				CLANG_WARN_ENUM_CONVERSION = YES;
				CLANG_WARN_INFINITE_RECURSION = YES;
				CLANG_WARN_INT_CONVERSION = YES;
				CLANG_WARN_OBJC_ROOT_CLASS = YES_ERROR;
				CLANG_WARN_SUSPICIOUS_MOVE = YES;
				CLANG_WARN_UNREACHABLE_CODE = YES;
				CLANG_WARN__DUPLICATE_METHOD_MATCH = YES;
				"CODE_SIGN_IDENTITY[sdk=iphoneos*]" = "iPhone Developer";
				COPY_PHASE_STRIP = NO;
				DEBUG_INFORMATION_FORMAT = "dwarf-with-dsym";
				ENABLE_STRICT_OBJC_MSGSEND = YES;
				ENABLE_TESTABILITY = YES;
				GCC_C_LANGUAGE_STANDARD = gnu99;
				GCC_DYNAMIC_NO_PIC = NO;
				GCC_NO_COMMON_BLOCKS = YES;
				GCC_OPTIMIZATION_LEVEL = 0;
				GCC_PREPROCESSOR_DEFINITIONS = (
					"DEBUG=1",
					"$(inherited)",
				);
				GCC_WARN_64_TO_32_BIT_CONVERSION = YES;
				GCC_WARN_ABOUT_RETURN_TYPE = YES_ERROR;
				GCC_WARN_UNDECLARED_SELECTOR = YES;
				GCC_WARN_UNINITIALIZED_AUTOS = YES_AGGRESSIVE;
				GCC_WARN_UNUSED_FUNCTION = YES;
				GCC_WARN_UNUSED_VARIABLE = YES;
				IPHONEOS_DEPLOYMENT_TARGET = 9.2;
				MTL_ENABLE_DEBUG_INFO = YES;
				ONLY_ACTIVE_ARCH = YES;
				SDKROOT = iphoneos;
				SWIFT_ACTIVE_COMPILATION_CONDITIONS = DEBUG;
				SWIFT_OPTIMIZATION_LEVEL = "-Onone";
			};
			name = Debug;
		};
		E7A880EF1EEC220300EA5C3A /* Release */ = {
			isa = XCBuildConfiguration;
			buildSettings = {
				ALWAYS_SEARCH_USER_PATHS = NO;
				CLANG_ANALYZER_NONNULL = YES;
				CLANG_ANALYZER_NUMBER_OBJECT_CONVERSION = YES_AGGRESSIVE;
				CLANG_CXX_LANGUAGE_STANDARD = "gnu++0x";
				CLANG_CXX_LIBRARY = "libc++";
				CLANG_ENABLE_MODULES = YES;
				CLANG_ENABLE_OBJC_ARC = YES;
				CLANG_WARN_BOOL_CONVERSION = YES;
				CLANG_WARN_CONSTANT_CONVERSION = YES;
				CLANG_WARN_DIRECT_OBJC_ISA_USAGE = YES_ERROR;
				CLANG_WARN_DOCUMENTATION_COMMENTS = YES;
				CLANG_WARN_EMPTY_BODY = YES;
				CLANG_WARN_ENUM_CONVERSION = YES;
				CLANG_WARN_INFINITE_RECURSION = YES;
				CLANG_WARN_INT_CONVERSION = YES;
				CLANG_WARN_OBJC_ROOT_CLASS = YES_ERROR;
				CLANG_WARN_SUSPICIOUS_MOVE = YES;
				CLANG_WARN_UNREACHABLE_CODE = YES;
				CLANG_WARN__DUPLICATE_METHOD_MATCH = YES;
				"CODE_SIGN_IDENTITY[sdk=iphoneos*]" = "iPhone Developer";
				COPY_PHASE_STRIP = NO;
				DEBUG_INFORMATION_FORMAT = "dwarf-with-dsym";
				ENABLE_NS_ASSERTIONS = NO;
				ENABLE_STRICT_OBJC_MSGSEND = YES;
				GCC_C_LANGUAGE_STANDARD = gnu99;
				GCC_NO_COMMON_BLOCKS = YES;
				GCC_WARN_64_TO_32_BIT_CONVERSION = YES;
				GCC_WARN_ABOUT_RETURN_TYPE = YES_ERROR;
				GCC_WARN_UNDECLARED_SELECTOR = YES;
				GCC_WARN_UNINITIALIZED_AUTOS = YES_AGGRESSIVE;
				GCC_WARN_UNUSED_FUNCTION = YES;
				GCC_WARN_UNUSED_VARIABLE = YES;
				IPHONEOS_DEPLOYMENT_TARGET = 9.2;
				MTL_ENABLE_DEBUG_INFO = NO;
				SDKROOT = iphoneos;
				SWIFT_OPTIMIZATION_LEVEL = "-Owholemodule";
				VALIDATE_PRODUCT = YES;
			};
			name = Release;
		};
		E7A880F11EEC220300EA5C3A /* Debug */ = {
			isa = XCBuildConfiguration;
			baseConfigurationReference = 8F6A993F9F876BB61B2CAF51 /* Pods-LiveStream.debug.xcconfig */;
			buildSettings = {
				ASSETCATALOG_COMPILER_APPICON_NAME = AppIcon;
				"CODE_SIGN_IDENTITY[sdk=iphoneos*]" = "iPhone Developer";
				DEVELOPMENT_TEAM = C2FGA33346;
				INFOPLIST_FILE = LiveStream/Info.plist;
				IPHONEOS_DEPLOYMENT_TARGET = 9.2;
				LD_RUNPATH_SEARCH_PATHS = "$(inherited) @executable_path/Frameworks";
				PRODUCT_BUNDLE_IDENTIFIER = fr.someUnknowCompany.com.LiveStream;
				PRODUCT_NAME = "$(TARGET_NAME)";
				PROVISIONING_PROFILE_SPECIFIER = "";
				SWIFT_VERSION = 3.0;
			};
			name = Debug;
		};
		E7A880F21EEC220300EA5C3A /* Release */ = {
			isa = XCBuildConfiguration;
			baseConfigurationReference = E14583DE96B8E7EFFA4E6690 /* Pods-LiveStream.release.xcconfig */;
			buildSettings = {
				ASSETCATALOG_COMPILER_APPICON_NAME = AppIcon;
				"CODE_SIGN_IDENTITY[sdk=iphoneos*]" = "iPhone Developer";
				DEVELOPMENT_TEAM = C2FGA33346;
				INFOPLIST_FILE = LiveStream/Info.plist;
				IPHONEOS_DEPLOYMENT_TARGET = 9.2;
				LD_RUNPATH_SEARCH_PATHS = "$(inherited) @executable_path/Frameworks";
				PRODUCT_BUNDLE_IDENTIFIER = fr.someUnknowCompany.com.LiveStream;
				PRODUCT_NAME = "$(TARGET_NAME)";
				PROVISIONING_PROFILE_SPECIFIER = "";
				SWIFT_VERSION = 3.0;
			};
			name = Release;
		};
		E7A880F41EEC220300EA5C3A /* Debug */ = {
			isa = XCBuildConfiguration;
			baseConfigurationReference = ACFB50551C3A6B8B5E70ED84 /* Pods-LiveStreamTests.debug.xcconfig */;
			buildSettings = {
				ALWAYS_EMBED_SWIFT_STANDARD_LIBRARIES = YES;
				BUNDLE_LOADER = "$(TEST_HOST)";
				INFOPLIST_FILE = LiveStreamTests/Info.plist;
				LD_RUNPATH_SEARCH_PATHS = "$(inherited) @executable_path/Frameworks @loader_path/Frameworks";
				PRODUCT_BUNDLE_IDENTIFIER = fr.someUnknowCompany.com.LiveStreamTests;
				PRODUCT_NAME = "$(TARGET_NAME)";
				SWIFT_VERSION = 3.0;
				TEST_HOST = "$(BUILT_PRODUCTS_DIR)/LiveStream.app/LiveStream";
			};
			name = Debug;
		};
		E7A880F51EEC220300EA5C3A /* Release */ = {
			isa = XCBuildConfiguration;
			baseConfigurationReference = 18B3260C3F8272FEFD36BF31 /* Pods-LiveStreamTests.release.xcconfig */;
			buildSettings = {
				ALWAYS_EMBED_SWIFT_STANDARD_LIBRARIES = YES;
				BUNDLE_LOADER = "$(TEST_HOST)";
				INFOPLIST_FILE = LiveStreamTests/Info.plist;
				LD_RUNPATH_SEARCH_PATHS = "$(inherited) @executable_path/Frameworks @loader_path/Frameworks";
				PRODUCT_BUNDLE_IDENTIFIER = fr.someUnknowCompany.com.LiveStreamTests;
				PRODUCT_NAME = "$(TARGET_NAME)";
				SWIFT_VERSION = 3.0;
				TEST_HOST = "$(BUILT_PRODUCTS_DIR)/LiveStream.app/LiveStream";
			};
			name = Release;
		};
/* End XCBuildConfiguration section */

/* Begin XCConfigurationList section */
		E7A880CE1EEC220300EA5C3A /* Build configuration list for PBXProject "LiveStream" */ = {
			isa = XCConfigurationList;
			buildConfigurations = (
				E7A880EE1EEC220300EA5C3A /* Debug */,
				E7A880EF1EEC220300EA5C3A /* Release */,
			);
			defaultConfigurationIsVisible = 0;
			defaultConfigurationName = Release;
		};
		E7A880F01EEC220300EA5C3A /* Build configuration list for PBXNativeTarget "LiveStream" */ = {
			isa = XCConfigurationList;
			buildConfigurations = (
				E7A880F11EEC220300EA5C3A /* Debug */,
				E7A880F21EEC220300EA5C3A /* Release */,
			);
			defaultConfigurationIsVisible = 0;
			defaultConfigurationName = Release;
		};
		E7A880F31EEC220300EA5C3A /* Build configuration list for PBXNativeTarget "LiveStreamTests" */ = {
			isa = XCConfigurationList;
			buildConfigurations = (
				E7A880F41EEC220300EA5C3A /* Debug */,
				E7A880F51EEC220300EA5C3A /* Release */,
			);
			defaultConfigurationIsVisible = 0;
			defaultConfigurationName = Release;
		};
/* End XCConfigurationList section */
	};
	rootObject = E7A880CB1EEC220300EA5C3A /* Project object */;
}
